PODS:
  - FontAwesome.swift (1.0.0)
  - MTMigration (0.0.5)
  - Realm (2.1.2):
    - Realm/Headers (= 2.1.2)
  - Realm/Headers (2.1.2)
  - RealmSwift (2.1.2):
    - Realm (= 2.1.2)
  - RxBlocking (3.0.1):
    - RxSwift (~> 3.0)
  - RxCocoa (3.0.1):
    - RxSwift (~> 3.0)
  - RxSwift (3.0.1)
  - RxTest (3.0.1):
    - RxSwift (~> 3.0)
  - RxWebKit (0.3.3):
    - RxCocoa (~> 3.0.0)
    - RxSwift (~> 3.0.0)

DEPENDENCIES:
  - FontAwesome.swift
  - MTMigration
  - RealmSwift (= 2.1.2)
  - RxBlocking (~> 3.0)
  - RxCocoa (~> 3.0)
  - RxSwift (~> 3.0)
  - RxTest (~> 3.0)
  - RxWebKit

SPEC CHECKSUMS:
  FontAwesome.swift: 2d32a3d62195343c2004b7c9043294ed2948553a
  MTMigration: 725315e6469c8fd7d13966887f59e65eb8aecb2e
  Realm: efe855f4d977c8ce5a82d3116d9f1ff155a6550c
  RealmSwift: 17d6ee30b6f9df86364408c2197492e33bfea567
  RxBlocking: 5de082d09d1ab45b49173f309f1a97d6b50f34c4
  RxCocoa: 15a52fc590dcc700cb4a690a633b5c5184ce3a78
  RxSwift: af5680055c4ad04480189c52d28385b1029493a6
  RxTest: 9867e6f3c435af30fbdb44b6d8ec30b78c40b515
  RxWebKit: d237746fede36ebe8b94e724cabab5b00d8174e3

PODFILE CHECKSUM: fb9d406b71ab1b57889fd1ebf8f6902efe460cda

COCOAPODS: 1.1.1
