// !$*UTF8*$!
{
	archiveVersion = 1;
	classes = {
	};
	objectVersion = 46;
	objects = {

/* Begin PBXBuildFile section */
		1B84AE331E10DDF500852F3B /* URL+dbpedia.swift in Sources */ = {isa = PBXBuildFile; fileRef = 1B84AE321E10DDF500852F3B /* URL+dbpedia.swift */; };
		1B84AE371E10DE7D00852F3B /* URLTests.swift in Sources */ = {isa = PBXBuildFile; fileRef = 1B84AE361E10DE7D00852F3B /* URLTests.swift */; };
		1B84AE3A1E110ED300852F3B /* DBPediaViewController.swift in Sources */ = {isa = PBXBuildFile; fileRef = 1B84AE391E110ED300852F3B /* DBPediaViewController.swift */; };
		1BC44F101E0AE090005873F5 /* AppDelegate.swift in Sources */ = {isa = PBXBuildFile; fileRef = 1BC44F0F1E0AE090005873F5 /* AppDelegate.swift */; };
		1BC44F121E0AE090005873F5 /* ViewController.swift in Sources */ = {isa = PBXBuildFile; fileRef = 1BC44F111E0AE090005873F5 /* ViewController.swift */; };
		1BC44F151E0AE090005873F5 /* Main.storyboard in Resources */ = {isa = PBXBuildFile; fileRef = 1BC44F131E0AE090005873F5 /* Main.storyboard */; };
		1BC44F171E0AE090005873F5 /* Assets.xcassets in Resources */ = {isa = PBXBuildFile; fileRef = 1BC44F161E0AE090005873F5 /* Assets.xcassets */; };
		1BC44F1A1E0AE090005873F5 /* LaunchScreen.storyboard in Resources */ = {isa = PBXBuildFile; fileRef = 1BC44F181E0AE090005873F5 /* LaunchScreen.storyboard */; };
		1BC44F251E0AE090005873F5 /* tripediaTests.swift in Sources */ = {isa = PBXBuildFile; fileRef = 1BC44F241E0AE090005873F5 /* tripediaTests.swift */; };
		1BC44F301E0AE090005873F5 /* tripediaUITests.swift in Sources */ = {isa = PBXBuildFile; fileRef = 1BC44F2F1E0AE090005873F5 /* tripediaUITests.swift */; };
		3655E3491E1CE68700F3FEF4 /* TripediaViewController.swift in Sources */ = {isa = PBXBuildFile; fileRef = 3655E3481E1CE68700F3FEF4 /* TripediaViewController.swift */; };
		3665B54D1E1D020B00AB3035 /* URI.swift in Sources */ = {isa = PBXBuildFile; fileRef = 3665B54C1E1D020B00AB3035 /* URI.swift */; };
		3665B54F1E1D021900AB3035 /* sparql.swift in Sources */ = {isa = PBXBuildFile; fileRef = 3665B54E1E1D021900AB3035 /* sparql.swift */; };
		3665B5521E1D022300AB3035 /* properties.swift in Sources */ = {isa = PBXBuildFile; fileRef = 3665B5501E1D022300AB3035 /* properties.swift */; };
		3665B5531E1D022300AB3035 /* resource.swift in Sources */ = {isa = PBXBuildFile; fileRef = 3665B5511E1D022300AB3035 /* resource.swift */; };
		B6327281260FF6B02A42E1B7 /* Pods_tripedia.framework in Frameworks */ = {isa = PBXBuildFile; fileRef = 681A78E809EE27A65B2F931C /* Pods_tripedia.framework */; };
		BE19D65FA3570DDED8668A77 /* Pods_tripediaUITests.framework in Frameworks */ = {isa = PBXBuildFile; fileRef = 6669516B3F1666770CA21C24 /* Pods_tripediaUITests.framework */; };
		FDB5161886E4583E7FEF8BD7 /* Pods_tripediaTests.framework in Frameworks */ = {isa = PBXBuildFile; fileRef = D7527D1BD77F3E4AB95DE2E6 /* Pods_tripediaTests.framework */; };
/* End PBXBuildFile section */

/* Begin PBXContainerItemProxy section */
		1BC44F211E0AE090005873F5 /* PBXContainerItemProxy */ = {
			isa = PBXContainerItemProxy;
			containerPortal = 1BC44F041E0AE090005873F5 /* Project object */;
			proxyType = 1;
			remoteGlobalIDString = 1BC44F0B1E0AE090005873F5;
			remoteInfo = tripedia;
		};
		1BC44F2C1E0AE090005873F5 /* PBXContainerItemProxy */ = {
			isa = PBXContainerItemProxy;
			containerPortal = 1BC44F041E0AE090005873F5 /* Project object */;
			proxyType = 1;
			remoteGlobalIDString = 1BC44F0B1E0AE090005873F5;
			remoteInfo = tripedia;
		};
/* End PBXContainerItemProxy section */

/* Begin PBXFileReference section */
		03305713969B86877255A1F7 /* Pods-tripediaTests.release.xcconfig */ = {isa = PBXFileReference; includeInIndex = 1; lastKnownFileType = text.xcconfig; name = "Pods-tripediaTests.release.xcconfig"; path = "Pods/Target Support Files/Pods-tripediaTests/Pods-tripediaTests.release.xcconfig"; sourceTree = "<group>"; };
		0C8DC506F1BA2861C38A3544 /* Pods-tripediaUITests.release.xcconfig */ = {isa = PBXFileReference; includeInIndex = 1; lastKnownFileType = text.xcconfig; name = "Pods-tripediaUITests.release.xcconfig"; path = "Pods/Target Support Files/Pods-tripediaUITests/Pods-tripediaUITests.release.xcconfig"; sourceTree = "<group>"; };
		1B84AE321E10DDF500852F3B /* URL+dbpedia.swift */ = {isa = PBXFileReference; fileEncoding = 4; lastKnownFileType = sourcecode.swift; name = "URL+dbpedia.swift"; path = "tripedia/URL+dbpedia.swift"; sourceTree = "<group>"; };
		1B84AE361E10DE7D00852F3B /* URLTests.swift */ = {isa = PBXFileReference; fileEncoding = 4; lastKnownFileType = sourcecode.swift; path = URLTests.swift; sourceTree = "<group>"; };
		1B84AE391E110ED300852F3B /* DBPediaViewController.swift */ = {isa = PBXFileReference; fileEncoding = 4; lastKnownFileType = sourcecode.swift; path = DBPediaViewController.swift; sourceTree = "<group>"; };
		1BC44F0C1E0AE090005873F5 /* tripedia.app */ = {isa = PBXFileReference; explicitFileType = wrapper.application; includeInIndex = 0; path = tripedia.app; sourceTree = BUILT_PRODUCTS_DIR; };
		1BC44F0F1E0AE090005873F5 /* AppDelegate.swift */ = {isa = PBXFileReference; lastKnownFileType = sourcecode.swift; path = AppDelegate.swift; sourceTree = "<group>"; };
		1BC44F111E0AE090005873F5 /* ViewController.swift */ = {isa = PBXFileReference; lastKnownFileType = sourcecode.swift; path = ViewController.swift; sourceTree = "<group>"; };
		1BC44F141E0AE090005873F5 /* Base */ = {isa = PBXFileReference; lastKnownFileType = file.storyboard; name = Base; path = Base.lproj/Main.storyboard; sourceTree = "<group>"; };
		1BC44F161E0AE090005873F5 /* Assets.xcassets */ = {isa = PBXFileReference; lastKnownFileType = folder.assetcatalog; path = Assets.xcassets; sourceTree = "<group>"; };
		1BC44F191E0AE090005873F5 /* Base */ = {isa = PBXFileReference; lastKnownFileType = file.storyboard; name = Base; path = Base.lproj/LaunchScreen.storyboard; sourceTree = "<group>"; };
		1BC44F1B1E0AE090005873F5 /* Info.plist */ = {isa = PBXFileReference; lastKnownFileType = text.plist.xml; path = Info.plist; sourceTree = "<group>"; };
		1BC44F201E0AE090005873F5 /* tripediaTests.xctest */ = {isa = PBXFileReference; explicitFileType = wrapper.cfbundle; includeInIndex = 0; path = tripediaTests.xctest; sourceTree = BUILT_PRODUCTS_DIR; };
		1BC44F241E0AE090005873F5 /* tripediaTests.swift */ = {isa = PBXFileReference; lastKnownFileType = sourcecode.swift; path = tripediaTests.swift; sourceTree = "<group>"; };
		1BC44F261E0AE090005873F5 /* Info.plist */ = {isa = PBXFileReference; lastKnownFileType = text.plist.xml; path = Info.plist; sourceTree = "<group>"; };
		1BC44F2B1E0AE090005873F5 /* tripediaUITests.xctest */ = {isa = PBXFileReference; explicitFileType = wrapper.cfbundle; includeInIndex = 0; path = tripediaUITests.xctest; sourceTree = BUILT_PRODUCTS_DIR; };
		1BC44F2F1E0AE090005873F5 /* tripediaUITests.swift */ = {isa = PBXFileReference; lastKnownFileType = sourcecode.swift; path = tripediaUITests.swift; sourceTree = "<group>"; };
		1BC44F311E0AE090005873F5 /* Info.plist */ = {isa = PBXFileReference; lastKnownFileType = text.plist.xml; path = Info.plist; sourceTree = "<group>"; };
		3655E3481E1CE68700F3FEF4 /* TripediaViewController.swift */ = {isa = PBXFileReference; fileEncoding = 4; lastKnownFileType = sourcecode.swift; path = TripediaViewController.swift; sourceTree = "<group>"; };
		3665B54C1E1D020B00AB3035 /* URI.swift */ = {isa = PBXFileReference; fileEncoding = 4; lastKnownFileType = sourcecode.swift; name = URI.swift; path = tripedia/URI.swift; sourceTree = "<group>"; };
		3665B54E1E1D021900AB3035 /* sparql.swift */ = {isa = PBXFileReference; fileEncoding = 4; lastKnownFileType = sourcecode.swift; name = sparql.swift; path = tripedia/sparql.swift; sourceTree = "<group>"; };
		3665B5501E1D022300AB3035 /* properties.swift */ = {isa = PBXFileReference; fileEncoding = 4; lastKnownFileType = sourcecode.swift; name = properties.swift; path = tripedia/properties.swift; sourceTree = "<group>"; };
		3665B5511E1D022300AB3035 /* resource.swift */ = {isa = PBXFileReference; fileEncoding = 4; lastKnownFileType = sourcecode.swift; name = resource.swift; path = tripedia/resource.swift; sourceTree = "<group>"; };
		6669516B3F1666770CA21C24 /* Pods_tripediaUITests.framework */ = {isa = PBXFileReference; explicitFileType = wrapper.framework; includeInIndex = 0; path = Pods_tripediaUITests.framework; sourceTree = BUILT_PRODUCTS_DIR; };
		681A78E809EE27A65B2F931C /* Pods_tripedia.framework */ = {isa = PBXFileReference; explicitFileType = wrapper.framework; includeInIndex = 0; path = Pods_tripedia.framework; sourceTree = BUILT_PRODUCTS_DIR; };
		99178ABA72F251DBC9F0449C /* Pods-tripedia.release.xcconfig */ = {isa = PBXFileReference; includeInIndex = 1; lastKnownFileType = text.xcconfig; name = "Pods-tripedia.release.xcconfig"; path = "Pods/Target Support Files/Pods-tripedia/Pods-tripedia.release.xcconfig"; sourceTree = "<group>"; };
		AF5BF53BC2CADE4966F9AB32 /* Pods-tripedia.debug.xcconfig */ = {isa = PBXFileReference; includeInIndex = 1; lastKnownFileType = text.xcconfig; name = "Pods-tripedia.debug.xcconfig"; path = "Pods/Target Support Files/Pods-tripedia/Pods-tripedia.debug.xcconfig"; sourceTree = "<group>"; };
		C52C3ED659EA196103250EEB /* Pods-tripediaUITests.debug.xcconfig */ = {isa = PBXFileReference; includeInIndex = 1; lastKnownFileType = text.xcconfig; name = "Pods-tripediaUITests.debug.xcconfig"; path = "Pods/Target Support Files/Pods-tripediaUITests/Pods-tripediaUITests.debug.xcconfig"; sourceTree = "<group>"; };
		D7527D1BD77F3E4AB95DE2E6 /* Pods_tripediaTests.framework */ = {isa = PBXFileReference; explicitFileType = wrapper.framework; includeInIndex = 0; path = Pods_tripediaTests.framework; sourceTree = BUILT_PRODUCTS_DIR; };
		DCAAF384E2242EF355D8C7C0 /* Pods-tripediaTests.debug.xcconfig */ = {isa = PBXFileReference; includeInIndex = 1; lastKnownFileType = text.xcconfig; name = "Pods-tripediaTests.debug.xcconfig"; path = "Pods/Target Support Files/Pods-tripediaTests/Pods-tripediaTests.debug.xcconfig"; sourceTree = "<group>"; };
/* End PBXFileReference section */

/* Begin PBXFrameworksBuildPhase section */
		1BC44F091E0AE090005873F5 /* Frameworks */ = {
			isa = PBXFrameworksBuildPhase;
			buildActionMask = 2147483647;
			files = (
				B6327281260FF6B02A42E1B7 /* Pods_tripedia.framework in Frameworks */,
			);
			runOnlyForDeploymentPostprocessing = 0;
		};
		1BC44F1D1E0AE090005873F5 /* Frameworks */ = {
			isa = PBXFrameworksBuildPhase;
			buildActionMask = 2147483647;
			files = (
				FDB5161886E4583E7FEF8BD7 /* Pods_tripediaTests.framework in Frameworks */,
			);
			runOnlyForDeploymentPostprocessing = 0;
		};
		1BC44F281E0AE090005873F5 /* Frameworks */ = {
			isa = PBXFrameworksBuildPhase;
			buildActionMask = 2147483647;
			files = (
				BE19D65FA3570DDED8668A77 /* Pods_tripediaUITests.framework in Frameworks */,
			);
			runOnlyForDeploymentPostprocessing = 0;
		};
/* End PBXFrameworksBuildPhase section */

/* Begin PBXGroup section */
		1BC44F031E0AE090005873F5 = {
			isa = PBXGroup;
			children = (
				1BC44F0E1E0AE090005873F5 /* tripedia */,
				1BC44F231E0AE090005873F5 /* tripediaTests */,
				1BC44F2E1E0AE090005873F5 /* tripediaUITests */,
				1BC44F0D1E0AE090005873F5 /* Products */,
				6C010DCE0088DF25CDC78591 /* Pods */,
				4A1BCC3464DF1708B202D371 /* Frameworks */,
			);
			sourceTree = "<group>";
		};
		1BC44F0D1E0AE090005873F5 /* Products */ = {
			isa = PBXGroup;
			children = (
				1BC44F0C1E0AE090005873F5 /* tripedia.app */,
				1BC44F201E0AE090005873F5 /* tripediaTests.xctest */,
				1BC44F2B1E0AE090005873F5 /* tripediaUITests.xctest */,
			);
			name = Products;
			sourceTree = "<group>";
		};
		1BC44F0E1E0AE090005873F5 /* tripedia */ = {
			isa = PBXGroup;
			children = (
				3655E33E1E1CB94100F3FEF4 /* models */,
				3655E33F1E1CB94800F3FEF4 /* extensions */,
				1BC44F0F1E0AE090005873F5 /* AppDelegate.swift */,
				3655E3481E1CE68700F3FEF4 /* TripediaViewController.swift */,
				1BC44F111E0AE090005873F5 /* ViewController.swift */,
				1B84AE391E110ED300852F3B /* DBPediaViewController.swift */,
				1BC44F131E0AE090005873F5 /* Main.storyboard */,
				1BC44F161E0AE090005873F5 /* Assets.xcassets */,
				1BC44F181E0AE090005873F5 /* LaunchScreen.storyboard */,
				1BC44F1B1E0AE090005873F5 /* Info.plist */,
			);
			path = tripedia;
			sourceTree = "<group>";
		};
		1BC44F231E0AE090005873F5 /* tripediaTests */ = {
			isa = PBXGroup;
			children = (
				1BC44F241E0AE090005873F5 /* tripediaTests.swift */,
				1BC44F261E0AE090005873F5 /* Info.plist */,
				1B84AE361E10DE7D00852F3B /* URLTests.swift */,
			);
			path = tripediaTests;
			sourceTree = "<group>";
		};
		1BC44F2E1E0AE090005873F5 /* tripediaUITests */ = {
			isa = PBXGroup;
			children = (
				1BC44F2F1E0AE090005873F5 /* tripediaUITests.swift */,
				1BC44F311E0AE090005873F5 /* Info.plist */,
			);
			path = tripediaUITests;
			sourceTree = "<group>";
		};
		3655E33E1E1CB94100F3FEF4 /* models */ = {
			isa = PBXGroup;
			children = (
				3665B54C1E1D020B00AB3035 /* URI.swift */,
				3665B54E1E1D021900AB3035 /* sparql.swift */,
				3665B5501E1D022300AB3035 /* properties.swift */,
				3665B5511E1D022300AB3035 /* resource.swift */,
			);
			name = models;
			path = ..;
			sourceTree = "<group>";
		};
		3655E33F1E1CB94800F3FEF4 /* extensions */ = {
			isa = PBXGroup;
			children = (
				1B84AE321E10DDF500852F3B /* URL+dbpedia.swift */,
			);
			name = extensions;
			path = ..;
			sourceTree = "<group>";
		};
		4A1BCC3464DF1708B202D371 /* Frameworks */ = {
			isa = PBXGroup;
			children = (
				681A78E809EE27A65B2F931C /* Pods_tripedia.framework */,
				D7527D1BD77F3E4AB95DE2E6 /* Pods_tripediaTests.framework */,
				6669516B3F1666770CA21C24 /* Pods_tripediaUITests.framework */,
			);
			name = Frameworks;
			sourceTree = "<group>";
		};
		6C010DCE0088DF25CDC78591 /* Pods */ = {
			isa = PBXGroup;
			children = (
				AF5BF53BC2CADE4966F9AB32 /* Pods-tripedia.debug.xcconfig */,
				99178ABA72F251DBC9F0449C /* Pods-tripedia.release.xcconfig */,
				DCAAF384E2242EF355D8C7C0 /* Pods-tripediaTests.debug.xcconfig */,
				03305713969B86877255A1F7 /* Pods-tripediaTests.release.xcconfig */,
				C52C3ED659EA196103250EEB /* Pods-tripediaUITests.debug.xcconfig */,
				0C8DC506F1BA2861C38A3544 /* Pods-tripediaUITests.release.xcconfig */,
			);
			name = Pods;
			sourceTree = "<group>";
		};
/* End PBXGroup section */

/* Begin PBXNativeTarget section */
		1BC44F0B1E0AE090005873F5 /* tripedia */ = {
			isa = PBXNativeTarget;
			buildConfigurationList = 1BC44F341E0AE090005873F5 /* Build configuration list for PBXNativeTarget "tripedia" */;
			buildPhases = (
				EC74EFA7CB8000F85C326114 /* [CP] Check Pods Manifest.lock */,
				1BC44F081E0AE090005873F5 /* Sources */,
				1BC44F091E0AE090005873F5 /* Frameworks */,
				1BC44F0A1E0AE090005873F5 /* Resources */,
				6D27E2A39F22E33C4EF3871C /* [CP] Embed Pods Frameworks */,
				89BF3AC1987CDA7912B315B3 /* [CP] Copy Pods Resources */,
			);
			buildRules = (
			);
			dependencies = (
			);
			name = tripedia;
			productName = tripedia;
			productReference = 1BC44F0C1E0AE090005873F5 /* tripedia.app */;
			productType = "com.apple.product-type.application";
		};
		1BC44F1F1E0AE090005873F5 /* tripediaTests */ = {
			isa = PBXNativeTarget;
			buildConfigurationList = 1BC44F371E0AE090005873F5 /* Build configuration list for PBXNativeTarget "tripediaTests" */;
			buildPhases = (
				876BA36908560CF4AE5FB815 /* [CP] Check Pods Manifest.lock */,
				1BC44F1C1E0AE090005873F5 /* Sources */,
				1BC44F1D1E0AE090005873F5 /* Frameworks */,
				1BC44F1E1E0AE090005873F5 /* Resources */,
				7D7A64DA46FF30FD63569BAD /* [CP] Embed Pods Frameworks */,
				63B5F77A9B875CA7E38109DE /* [CP] Copy Pods Resources */,
			);
			buildRules = (
			);
			dependencies = (
				1BC44F221E0AE090005873F5 /* PBXTargetDependency */,
			);
			name = tripediaTests;
			productName = tripediaTests;
			productReference = 1BC44F201E0AE090005873F5 /* tripediaTests.xctest */;
			productType = "com.apple.product-type.bundle.unit-test";
		};
		1BC44F2A1E0AE090005873F5 /* tripediaUITests */ = {
			isa = PBXNativeTarget;
			buildConfigurationList = 1BC44F3A1E0AE090005873F5 /* Build configuration list for PBXNativeTarget "tripediaUITests" */;
			buildPhases = (
				21E12083A7AA0A333770CE0E /* [CP] Check Pods Manifest.lock */,
				1BC44F271E0AE090005873F5 /* Sources */,
				1BC44F281E0AE090005873F5 /* Frameworks */,
				1BC44F291E0AE090005873F5 /* Resources */,
				406DEB0953FD56269BD813AE /* [CP] Embed Pods Frameworks */,
				4FB89DD7DDF2096385419274 /* [CP] Copy Pods Resources */,
			);
			buildRules = (
			);
			dependencies = (
				1BC44F2D1E0AE090005873F5 /* PBXTargetDependency */,
			);
			name = tripediaUITests;
			productName = tripediaUITests;
			productReference = 1BC44F2B1E0AE090005873F5 /* tripediaUITests.xctest */;
			productType = "com.apple.product-type.bundle.ui-testing";
		};
/* End PBXNativeTarget section */

/* Begin PBXProject section */
		1BC44F041E0AE090005873F5 /* Project object */ = {
			isa = PBXProject;
			attributes = {
				LastSwiftUpdateCheck = 0820;
				LastUpgradeCheck = 0820;
				ORGANIZATIONNAME = "窪田文也";
				TargetAttributes = {
					1BC44F0B1E0AE090005873F5 = {
						CreatedOnToolsVersion = 8.2;
						DevelopmentTeam = 6P78FJHUTG;
						ProvisioningStyle = Automatic;
					};
					1BC44F1F1E0AE090005873F5 = {
						CreatedOnToolsVersion = 8.2;
						DevelopmentTeam = 6P78FJHUTG;
						ProvisioningStyle = Automatic;
						TestTargetID = 1BC44F0B1E0AE090005873F5;
					};
					1BC44F2A1E0AE090005873F5 = {
						CreatedOnToolsVersion = 8.2;
						DevelopmentTeam = 6P78FJHUTG;
						ProvisioningStyle = Automatic;
						TestTargetID = 1BC44F0B1E0AE090005873F5;
					};
				};
			};
			buildConfigurationList = 1BC44F071E0AE090005873F5 /* Build configuration list for PBXProject "tripedia" */;
			compatibilityVersion = "Xcode 3.2";
			developmentRegion = English;
			hasScannedForEncodings = 0;
			knownRegions = (
				en,
				Base,
			);
			mainGroup = 1BC44F031E0AE090005873F5;
			productRefGroup = 1BC44F0D1E0AE090005873F5 /* Products */;
			projectDirPath = "";
			projectRoot = "";
			targets = (
				1BC44F0B1E0AE090005873F5 /* tripedia */,
				1BC44F1F1E0AE090005873F5 /* tripediaTests */,
				1BC44F2A1E0AE090005873F5 /* tripediaUITests */,
			);
		};
/* End PBXProject section */

/* Begin PBXResourcesBuildPhase section */
		1BC44F0A1E0AE090005873F5 /* Resources */ = {
			isa = PBXResourcesBuildPhase;
			buildActionMask = 2147483647;
			files = (
				1BC44F1A1E0AE090005873F5 /* LaunchScreen.storyboard in Resources */,
				1BC44F171E0AE090005873F5 /* Assets.xcassets in Resources */,
				1BC44F151E0AE090005873F5 /* Main.storyboard in Resources */,
			);
			runOnlyForDeploymentPostprocessing = 0;
		};
		1BC44F1E1E0AE090005873F5 /* Resources */ = {
			isa = PBXResourcesBuildPhase;
			buildActionMask = 2147483647;
			files = (
			);
			runOnlyForDeploymentPostprocessing = 0;
		};
		1BC44F291E0AE090005873F5 /* Resources */ = {
			isa = PBXResourcesBuildPhase;
			buildActionMask = 2147483647;
			files = (
			);
			runOnlyForDeploymentPostprocessing = 0;
		};
/* End PBXResourcesBuildPhase section */

/* Begin PBXShellScriptBuildPhase section */
		21E12083A7AA0A333770CE0E /* [CP] Check Pods Manifest.lock */ = {
			isa = PBXShellScriptBuildPhase;
			buildActionMask = 2147483647;
			files = (
			);
			inputPaths = (
			);
			name = "[CP] Check Pods Manifest.lock";
			outputPaths = (
			);
			runOnlyForDeploymentPostprocessing = 0;
			shellPath = /bin/sh;
			shellScript = "diff \"${PODS_ROOT}/../Podfile.lock\" \"${PODS_ROOT}/Manifest.lock\" > /dev/null\nif [ $? != 0 ] ; then\n    # print error to STDERR\n    echo \"error: The sandbox is not in sync with the Podfile.lock. Run 'pod install' or update your CocoaPods installation.\" >&2\n    exit 1\nfi\n";
			showEnvVarsInLog = 0;
		};
		406DEB0953FD56269BD813AE /* [CP] Embed Pods Frameworks */ = {
			isa = PBXShellScriptBuildPhase;
			buildActionMask = 2147483647;
			files = (
			);
			inputPaths = (
			);
			name = "[CP] Embed Pods Frameworks";
			outputPaths = (
			);
			runOnlyForDeploymentPostprocessing = 0;
			shellPath = /bin/sh;
			shellScript = "\"${SRCROOT}/Pods/Target Support Files/Pods-tripediaUITests/Pods-tripediaUITests-frameworks.sh\"\n";
			showEnvVarsInLog = 0;
		};
		4FB89DD7DDF2096385419274 /* [CP] Copy Pods Resources */ = {
			isa = PBXShellScriptBuildPhase;
			buildActionMask = 2147483647;
			files = (
			);
			inputPaths = (
			);
			name = "[CP] Copy Pods Resources";
			outputPaths = (
			);
			runOnlyForDeploymentPostprocessing = 0;
			shellPath = /bin/sh;
			shellScript = "\"${SRCROOT}/Pods/Target Support Files/Pods-tripediaUITests/Pods-tripediaUITests-resources.sh\"\n";
			showEnvVarsInLog = 0;
		};
		63B5F77A9B875CA7E38109DE /* [CP] Copy Pods Resources */ = {
			isa = PBXShellScriptBuildPhase;
			buildActionMask = 2147483647;
			files = (
			);
			inputPaths = (
			);
			name = "[CP] Copy Pods Resources";
			outputPaths = (
			);
			runOnlyForDeploymentPostprocessing = 0;
			shellPath = /bin/sh;
			shellScript = "\"${SRCROOT}/Pods/Target Support Files/Pods-tripediaTests/Pods-tripediaTests-resources.sh\"\n";
			showEnvVarsInLog = 0;
		};
		6D27E2A39F22E33C4EF3871C /* [CP] Embed Pods Frameworks */ = {
			isa = PBXShellScriptBuildPhase;
			buildActionMask = 2147483647;
			files = (
			);
			inputPaths = (
			);
			name = "[CP] Embed Pods Frameworks";
			outputPaths = (
			);
			runOnlyForDeploymentPostprocessing = 0;
			shellPath = /bin/sh;
			shellScript = "\"${SRCROOT}/Pods/Target Support Files/Pods-tripedia/Pods-tripedia-frameworks.sh\"\n";
			showEnvVarsInLog = 0;
		};
		7D7A64DA46FF30FD63569BAD /* [CP] Embed Pods Frameworks */ = {
			isa = PBXShellScriptBuildPhase;
			buildActionMask = 2147483647;
			files = (
			);
			inputPaths = (
			);
			name = "[CP] Embed Pods Frameworks";
			outputPaths = (
			);
			runOnlyForDeploymentPostprocessing = 0;
			shellPath = /bin/sh;
			shellScript = "\"${SRCROOT}/Pods/Target Support Files/Pods-tripediaTests/Pods-tripediaTests-frameworks.sh\"\n";
			showEnvVarsInLog = 0;
		};
		876BA36908560CF4AE5FB815 /* [CP] Check Pods Manifest.lock */ = {
			isa = PBXShellScriptBuildPhase;
			buildActionMask = 2147483647;
			files = (
			);
			inputPaths = (
			);
			name = "[CP] Check Pods Manifest.lock";
			outputPaths = (
			);
			runOnlyForDeploymentPostprocessing = 0;
			shellPath = /bin/sh;
			shellScript = "diff \"${PODS_ROOT}/../Podfile.lock\" \"${PODS_ROOT}/Manifest.lock\" > /dev/null\nif [ $? != 0 ] ; then\n    # print error to STDERR\n    echo \"error: The sandbox is not in sync with the Podfile.lock. Run 'pod install' or update your CocoaPods installation.\" >&2\n    exit 1\nfi\n";
			showEnvVarsInLog = 0;
		};
		89BF3AC1987CDA7912B315B3 /* [CP] Copy Pods Resources */ = {
			isa = PBXShellScriptBuildPhase;
			buildActionMask = 2147483647;
			files = (
			);
			inputPaths = (
			);
			name = "[CP] Copy Pods Resources";
			outputPaths = (
			);
			runOnlyForDeploymentPostprocessing = 0;
			shellPath = /bin/sh;
			shellScript = "\"${SRCROOT}/Pods/Target Support Files/Pods-tripedia/Pods-tripedia-resources.sh\"\n";
			showEnvVarsInLog = 0;
		};
		EC74EFA7CB8000F85C326114 /* [CP] Check Pods Manifest.lock */ = {
			isa = PBXShellScriptBuildPhase;
			buildActionMask = 2147483647;
			files = (
			);
			inputPaths = (
			);
			name = "[CP] Check Pods Manifest.lock";
			outputPaths = (
			);
			runOnlyForDeploymentPostprocessing = 0;
			shellPath = /bin/sh;
			shellScript = "diff \"${PODS_ROOT}/../Podfile.lock\" \"${PODS_ROOT}/Manifest.lock\" > /dev/null\nif [ $? != 0 ] ; then\n    # print error to STDERR\n    echo \"error: The sandbox is not in sync with the Podfile.lock. Run 'pod install' or update your CocoaPods installation.\" >&2\n    exit 1\nfi\n";
			showEnvVarsInLog = 0;
		};
/* End PBXShellScriptBuildPhase section */

/* Begin PBXSourcesBuildPhase section */
		1BC44F081E0AE090005873F5 /* Sources */ = {
			isa = PBXSourcesBuildPhase;
			buildActionMask = 2147483647;
			files = (
				3665B5521E1D022300AB3035 /* properties.swift in Sources */,
				3665B54D1E1D020B00AB3035 /* URI.swift in Sources */,
				3655E3491E1CE68700F3FEF4 /* TripediaViewController.swift in Sources */,
				3665B54F1E1D021900AB3035 /* sparql.swift in Sources */,
				1BC44F121E0AE090005873F5 /* ViewController.swift in Sources */,
				1B84AE331E10DDF500852F3B /* URL+dbpedia.swift in Sources */,
				1B84AE3A1E110ED300852F3B /* DBPediaViewController.swift in Sources */,
				1BC44F101E0AE090005873F5 /* AppDelegate.swift in Sources */,
				3665B5531E1D022300AB3035 /* resource.swift in Sources */,
			);
			runOnlyForDeploymentPostprocessing = 0;
		};
		1BC44F1C1E0AE090005873F5 /* Sources */ = {
			isa = PBXSourcesBuildPhase;
			buildActionMask = 2147483647;
			files = (
				1BC44F251E0AE090005873F5 /* tripediaTests.swift in Sources */,
				1B84AE371E10DE7D00852F3B /* URLTests.swift in Sources */,
			);
			runOnlyForDeploymentPostprocessing = 0;
		};
		1BC44F271E0AE090005873F5 /* Sources */ = {
			isa = PBXSourcesBuildPhase;
			buildActionMask = 2147483647;
			files = (
				1BC44F301E0AE090005873F5 /* tripediaUITests.swift in Sources */,
			);
			runOnlyForDeploymentPostprocessing = 0;
		};
/* End PBXSourcesBuildPhase section */

/* Begin PBXTargetDependency section */
		1BC44F221E0AE090005873F5 /* PBXTargetDependency */ = {
			isa = PBXTargetDependency;
			target = 1BC44F0B1E0AE090005873F5 /* tripedia */;
			targetProxy = 1BC44F211E0AE090005873F5 /* PBXContainerItemProxy */;
		};
		1BC44F2D1E0AE090005873F5 /* PBXTargetDependency */ = {
			isa = PBXTargetDependency;
			target = 1BC44F0B1E0AE090005873F5 /* tripedia */;
			targetProxy = 1BC44F2C1E0AE090005873F5 /* PBXContainerItemProxy */;
		};
/* End PBXTargetDependency section */

/* Begin PBXVariantGroup section */
		1BC44F131E0AE090005873F5 /* Main.storyboard */ = {
			isa = PBXVariantGroup;
			children = (
				1BC44F141E0AE090005873F5 /* Base */,
			);
			name = Main.storyboard;
			sourceTree = "<group>";
		};
		1BC44F181E0AE090005873F5 /* LaunchScreen.storyboard */ = {
			isa = PBXVariantGroup;
			children = (
				1BC44F191E0AE090005873F5 /* Base */,
			);
			name = LaunchScreen.storyboard;
			sourceTree = "<group>";
		};
/* End PBXVariantGroup section */

/* Begin XCBuildConfiguration section */
		1BC44F321E0AE090005873F5 /* Debug */ = {
			isa = XCBuildConfiguration;
			buildSettings = {
				ALWAYS_SEARCH_USER_PATHS = NO;
				CLANG_ANALYZER_NONNULL = YES;
				CLANG_CXX_LANGUAGE_STANDARD = "gnu++0x";
				CLANG_CXX_LIBRARY = "libc++";
				CLANG_ENABLE_MODULES = YES;
				CLANG_ENABLE_OBJC_ARC = YES;
				CLANG_WARN_BOOL_CONVERSION = YES;
				CLANG_WARN_CONSTANT_CONVERSION = YES;
				CLANG_WARN_DIRECT_OBJC_ISA_USAGE = YES_ERROR;
				CLANG_WARN_DOCUMENTATION_COMMENTS = YES;
				CLANG_WARN_EMPTY_BODY = YES;
				CLANG_WARN_ENUM_CONVERSION = YES;
				CLANG_WARN_INFINITE_RECURSION = YES;
				CLANG_WARN_INT_CONVERSION = YES;
				CLANG_WARN_OBJC_ROOT_CLASS = YES_ERROR;
				CLANG_WARN_SUSPICIOUS_MOVE = YES;
				CLANG_WARN_UNREACHABLE_CODE = YES;
				CLANG_WARN__DUPLICATE_METHOD_MATCH = YES;
				"CODE_SIGN_IDENTITY[sdk=iphoneos*]" = "iPhone Developer";
				COPY_PHASE_STRIP = NO;
				DEBUG_INFORMATION_FORMAT = dwarf;
				ENABLE_STRICT_OBJC_MSGSEND = YES;
				ENABLE_TESTABILITY = YES;
				GCC_C_LANGUAGE_STANDARD = gnu99;
				GCC_DYNAMIC_NO_PIC = NO;
				GCC_NO_COMMON_BLOCKS = YES;
				GCC_OPTIMIZATION_LEVEL = 0;
				GCC_PREPROCESSOR_DEFINITIONS = (
					"DEBUG=1",
					"$(inherited)",
				);
				GCC_WARN_64_TO_32_BIT_CONVERSION = YES;
				GCC_WARN_ABOUT_RETURN_TYPE = YES_ERROR;
				GCC_WARN_UNDECLARED_SELECTOR = YES;
				GCC_WARN_UNINITIALIZED_AUTOS = YES_AGGRESSIVE;
				GCC_WARN_UNUSED_FUNCTION = YES;
				GCC_WARN_UNUSED_VARIABLE = YES;
				IPHONEOS_DEPLOYMENT_TARGET = 10.2;
				MTL_ENABLE_DEBUG_INFO = YES;
				ONLY_ACTIVE_ARCH = YES;
				SDKROOT = iphoneos;
				SWIFT_ACTIVE_COMPILATION_CONDITIONS = DEBUG;
				SWIFT_OPTIMIZATION_LEVEL = "-Onone";
				TARGETED_DEVICE_FAMILY = "1,2";
			};
			name = Debug;
		};
		1BC44F331E0AE090005873F5 /* Release */ = {
			isa = XCBuildConfiguration;
			buildSettings = {
				ALWAYS_SEARCH_USER_PATHS = NO;
				CLANG_ANALYZER_NONNULL = YES;
				CLANG_CXX_LANGUAGE_STANDARD = "gnu++0x";
				CLANG_CXX_LIBRARY = "libc++";
				CLANG_ENABLE_MODULES = YES;
				CLANG_ENABLE_OBJC_ARC = YES;
				CLANG_WARN_BOOL_CONVERSION = YES;
				CLANG_WARN_CONSTANT_CONVERSION = YES;
				CLANG_WARN_DIRECT_OBJC_ISA_USAGE = YES_ERROR;
				CLANG_WARN_DOCUMENTATION_COMMENTS = YES;
				CLANG_WARN_EMPTY_BODY = YES;
				CLANG_WARN_ENUM_CONVERSION = YES;
				CLANG_WARN_INFINITE_RECURSION = YES;
				CLANG_WARN_INT_CONVERSION = YES;
				CLANG_WARN_OBJC_ROOT_CLASS = YES_ERROR;
				CLANG_WARN_SUSPICIOUS_MOVE = YES;
				CLANG_WARN_UNREACHABLE_CODE = YES;
				CLANG_WARN__DUPLICATE_METHOD_MATCH = YES;
				"CODE_SIGN_IDENTITY[sdk=iphoneos*]" = "iPhone Developer";
				COPY_PHASE_STRIP = NO;
				DEBUG_INFORMATION_FORMAT = "dwarf-with-dsym";
				ENABLE_NS_ASSERTIONS = NO;
				ENABLE_STRICT_OBJC_MSGSEND = YES;
				GCC_C_LANGUAGE_STANDARD = gnu99;
				GCC_NO_COMMON_BLOCKS = YES;
				GCC_WARN_64_TO_32_BIT_CONVERSION = YES;
				GCC_WARN_ABOUT_RETURN_TYPE = YES_ERROR;
				GCC_WARN_UNDECLARED_SELECTOR = YES;
				GCC_WARN_UNINITIALIZED_AUTOS = YES_AGGRESSIVE;
				GCC_WARN_UNUSED_FUNCTION = YES;
				GCC_WARN_UNUSED_VARIABLE = YES;
				IPHONEOS_DEPLOYMENT_TARGET = 10.2;
				MTL_ENABLE_DEBUG_INFO = NO;
				SDKROOT = iphoneos;
				SWIFT_OPTIMIZATION_LEVEL = "-Owholemodule";
				TARGETED_DEVICE_FAMILY = "1,2";
				VALIDATE_PRODUCT = YES;
			};
			name = Release;
		};
		1BC44F351E0AE090005873F5 /* Debug */ = {
			isa = XCBuildConfiguration;
			baseConfigurationReference = AF5BF53BC2CADE4966F9AB32 /* Pods-tripedia.debug.xcconfig */;
			buildSettings = {
				ALWAYS_EMBED_SWIFT_STANDARD_LIBRARIES = YES;
				ASSETCATALOG_COMPILER_APPICON_NAME = AppIcon;
				DEVELOPMENT_TEAM = 6P78FJHUTG;
				INFOPLIST_FILE = tripedia/Info.plist;
				LD_RUNPATH_SEARCH_PATHS = "$(inherited) @executable_path/Frameworks";
				PRODUCT_BUNDLE_IDENTIFIER = com.ssuwam.tripedia;
				PRODUCT_NAME = "$(TARGET_NAME)";
				SWIFT_VERSION = 3.0;
			};
			name = Debug;
		};
		1BC44F361E0AE090005873F5 /* Release */ = {
			isa = XCBuildConfiguration;
			baseConfigurationReference = 99178ABA72F251DBC9F0449C /* Pods-tripedia.release.xcconfig */;
			buildSettings = {
				ALWAYS_EMBED_SWIFT_STANDARD_LIBRARIES = YES;
				ASSETCATALOG_COMPILER_APPICON_NAME = AppIcon;
				DEVELOPMENT_TEAM = 6P78FJHUTG;
				INFOPLIST_FILE = tripedia/Info.plist;
				LD_RUNPATH_SEARCH_PATHS = "$(inherited) @executable_path/Frameworks";
				PRODUCT_BUNDLE_IDENTIFIER = com.ssuwam.tripedia;
				PRODUCT_NAME = "$(TARGET_NAME)";
				SWIFT_VERSION = 3.0;
			};
			name = Release;
		};
		1BC44F381E0AE090005873F5 /* Debug */ = {
			isa = XCBuildConfiguration;
			baseConfigurationReference = DCAAF384E2242EF355D8C7C0 /* Pods-tripediaTests.debug.xcconfig */;
			buildSettings = {
				ALWAYS_EMBED_SWIFT_STANDARD_LIBRARIES = YES;
				BUNDLE_LOADER = "$(TEST_HOST)";
				DEVELOPMENT_TEAM = 6P78FJHUTG;
				INFOPLIST_FILE = tripediaTests/Info.plist;
				LD_RUNPATH_SEARCH_PATHS = "$(inherited) @executable_path/Frameworks @loader_path/Frameworks";
				PRODUCT_BUNDLE_IDENTIFIER = com.ssuwam.tripediaTests;
				PRODUCT_NAME = "$(TARGET_NAME)";
				SWIFT_VERSION = 3.0;
				TEST_HOST = "$(BUILT_PRODUCTS_DIR)/tripedia.app/tripedia";
			};
			name = Debug;
		};
		1BC44F391E0AE090005873F5 /* Release */ = {
			isa = XCBuildConfiguration;
			baseConfigurationReference = 03305713969B86877255A1F7 /* Pods-tripediaTests.release.xcconfig */;
			buildSettings = {
				ALWAYS_EMBED_SWIFT_STANDARD_LIBRARIES = YES;
				BUNDLE_LOADER = "$(TEST_HOST)";
				DEVELOPMENT_TEAM = 6P78FJHUTG;
				INFOPLIST_FILE = tripediaTests/Info.plist;
				LD_RUNPATH_SEARCH_PATHS = "$(inherited) @executable_path/Frameworks @loader_path/Frameworks";
				PRODUCT_BUNDLE_IDENTIFIER = com.ssuwam.tripediaTests;
				PRODUCT_NAME = "$(TARGET_NAME)";
				SWIFT_VERSION = 3.0;
				TEST_HOST = "$(BUILT_PRODUCTS_DIR)/tripedia.app/tripedia";
			};
			name = Release;
		};
		1BC44F3B1E0AE090005873F5 /* Debug */ = {
			isa = XCBuildConfiguration;
			baseConfigurationReference = C52C3ED659EA196103250EEB /* Pods-tripediaUITests.debug.xcconfig */;
			buildSettings = {
				ALWAYS_EMBED_SWIFT_STANDARD_LIBRARIES = YES;
				DEVELOPMENT_TEAM = 6P78FJHUTG;
				INFOPLIST_FILE = tripediaUITests/Info.plist;
				LD_RUNPATH_SEARCH_PATHS = "$(inherited) @executable_path/Frameworks @loader_path/Frameworks";
				PRODUCT_BUNDLE_IDENTIFIER = com.ssuwam.tripediaUITests;
				PRODUCT_NAME = "$(TARGET_NAME)";
				SWIFT_VERSION = 3.0;
				TEST_TARGET_NAME = tripedia;
			};
			name = Debug;
		};
		1BC44F3C1E0AE090005873F5 /* Release */ = {
			isa = XCBuildConfiguration;
			baseConfigurationReference = 0C8DC506F1BA2861C38A3544 /* Pods-tripediaUITests.release.xcconfig */;
			buildSettings = {
				ALWAYS_EMBED_SWIFT_STANDARD_LIBRARIES = YES;
				DEVELOPMENT_TEAM = 6P78FJHUTG;
				INFOPLIST_FILE = tripediaUITests/Info.plist;
				LD_RUNPATH_SEARCH_PATHS = "$(inherited) @executable_path/Frameworks @loader_path/Frameworks";
				PRODUCT_BUNDLE_IDENTIFIER = com.ssuwam.tripediaUITests;
				PRODUCT_NAME = "$(TARGET_NAME)";
				SWIFT_VERSION = 3.0;
				TEST_TARGET_NAME = tripedia;
			};
			name = Release;
		};
/* End XCBuildConfiguration section */

/* Begin XCConfigurationList section */
		1BC44F071E0AE090005873F5 /* Build configuration list for PBXProject "tripedia" */ = {
			isa = XCConfigurationList;
			buildConfigurations = (
				1BC44F321E0AE090005873F5 /* Debug */,
				1BC44F331E0AE090005873F5 /* Release */,
			);
			defaultConfigurationIsVisible = 0;
			defaultConfigurationName = Release;
		};
		1BC44F341E0AE090005873F5 /* Build configuration list for PBXNativeTarget "tripedia" */ = {
			isa = XCConfigurationList;
			buildConfigurations = (
				1BC44F351E0AE090005873F5 /* Debug */,
				1BC44F361E0AE090005873F5 /* Release */,
			);
			defaultConfigurationIsVisible = 0;
			defaultConfigurationName = Release;
		};
		1BC44F371E0AE090005873F5 /* Build configuration list for PBXNativeTarget "tripediaTests" */ = {
			isa = XCConfigurationList;
			buildConfigurations = (
				1BC44F381E0AE090005873F5 /* Debug */,
				1BC44F391E0AE090005873F5 /* Release */,
			);
			defaultConfigurationIsVisible = 0;
			defaultConfigurationName = Release;
		};
		1BC44F3A1E0AE090005873F5 /* Build configuration list for PBXNativeTarget "tripediaUITests" */ = {
			isa = XCConfigurationList;
			buildConfigurations = (
				1BC44F3B1E0AE090005873F5 /* Debug */,
				1BC44F3C1E0AE090005873F5 /* Release */,
			);
			defaultConfigurationIsVisible = 0;
			defaultConfigurationName = Release;
		};
/* End XCConfigurationList section */
	};
	rootObject = 1BC44F041E0AE090005873F5 /* Project object */;
}
